// !$*UTF8*$!
{
	archiveVersion = 1;
	classes = {
	};
	objectVersion = 50;
	objects = {

/* Begin PBXBuildFile section */
		EE996DDE2795E6E4003DBA03 /* AppDelegate.swift in Sources */ = {isa = PBXBuildFile; fileRef = EE996DDD2795E6E4003DBA03 /* AppDelegate.swift */; };
		EE996DE02795E6E4003DBA03 /* SceneDelegate.swift in Sources */ = {isa = PBXBuildFile; fileRef = EE996DDF2795E6E4003DBA03 /* SceneDelegate.swift */; };
		EE996DE22795E6E4003DBA03 /* ViewController.swift in Sources */ = {isa = PBXBuildFile; fileRef = EE996DE12795E6E4003DBA03 /* ViewController.swift */; };
		EE996DE52795E6E4003DBA03 /* Main.storyboard in Resources */ = {isa = PBXBuildFile; fileRef = EE996DE32795E6E4003DBA03 /* Main.storyboard */; };
		EE996DE82795E6E4003DBA03 /* LoginTableView.xcdatamodeld in Sources */ = {isa = PBXBuildFile; fileRef = EE996DE62795E6E4003DBA03 /* LoginTableView.xcdatamodeld */; };
		EE996DEA2795E6E5003DBA03 /* Assets.xcassets in Resources */ = {isa = PBXBuildFile; fileRef = EE996DE92795E6E5003DBA03 /* Assets.xcassets */; };
		EE996DED2795E6E5003DBA03 /* LaunchScreen.storyboard in Resources */ = {isa = PBXBuildFile; fileRef = EE996DEB2795E6E5003DBA03 /* LaunchScreen.storyboard */; };
		EE996DF82795E6E5003DBA03 /* LoginTableViewTests.swift in Sources */ = {isa = PBXBuildFile; fileRef = EE996DF72795E6E5003DBA03 /* LoginTableViewTests.swift */; };
		EE996E032795E6E5003DBA03 /* LoginTableViewUITests.swift in Sources */ = {isa = PBXBuildFile; fileRef = EE996E022795E6E5003DBA03 /* LoginTableViewUITests.swift */; };
		EE996E112795E7AC003DBA03 /* LoginTableViewCell.swift in Sources */ = {isa = PBXBuildFile; fileRef = EE996E102795E7AC003DBA03 /* LoginTableViewCell.swift */; };
/* End PBXBuildFile section */

/* Begin PBXContainerItemProxy section */
		EE996DF42795E6E5003DBA03 /* PBXContainerItemProxy */ = {
			isa = PBXContainerItemProxy;
			containerPortal = EE996DD22795E6E3003DBA03 /* Project object */;
			proxyType = 1;
			remoteGlobalIDString = EE996DD92795E6E4003DBA03;
			remoteInfo = LoginTableView;
		};
		EE996DFF2795E6E5003DBA03 /* PBXContainerItemProxy */ = {
			isa = PBXContainerItemProxy;
			containerPortal = EE996DD22795E6E3003DBA03 /* Project object */;
			proxyType = 1;
			remoteGlobalIDString = EE996DD92795E6E4003DBA03;
			remoteInfo = LoginTableView;
		};
/* End PBXContainerItemProxy section */

/* Begin PBXFileReference section */
		EE996DDA2795E6E4003DBA03 /* LoginTableView.app */ = {isa = PBXFileReference; explicitFileType = wrapper.application; includeInIndex = 0; path = LoginTableView.app; sourceTree = BUILT_PRODUCTS_DIR; };
		EE996DDD2795E6E4003DBA03 /* AppDelegate.swift */ = {isa = PBXFileReference; lastKnownFileType = sourcecode.swift; path = AppDelegate.swift; sourceTree = "<group>"; };
		EE996DDF2795E6E4003DBA03 /* SceneDelegate.swift */ = {isa = PBXFileReference; lastKnownFileType = sourcecode.swift; path = SceneDelegate.swift; sourceTree = "<group>"; };
		EE996DE12795E6E4003DBA03 /* ViewController.swift */ = {isa = PBXFileReference; lastKnownFileType = sourcecode.swift; path = ViewController.swift; sourceTree = "<group>"; };
		EE996DE42795E6E4003DBA03 /* Base */ = {isa = PBXFileReference; lastKnownFileType = file.storyboard; name = Base; path = Base.lproj/Main.storyboard; sourceTree = "<group>"; };
		EE996DE72795E6E4003DBA03 /* LoginTableView.xcdatamodel */ = {isa = PBXFileReference; lastKnownFileType = wrapper.xcdatamodel; path = LoginTableView.xcdatamodel; sourceTree = "<group>"; };
		EE996DE92795E6E5003DBA03 /* Assets.xcassets */ = {isa = PBXFileReference; lastKnownFileType = folder.assetcatalog; path = Assets.xcassets; sourceTree = "<group>"; };
		EE996DEC2795E6E5003DBA03 /* Base */ = {isa = PBXFileReference; lastKnownFileType = file.storyboard; name = Base; path = Base.lproj/LaunchScreen.storyboard; sourceTree = "<group>"; };
		EE996DEE2795E6E5003DBA03 /* Info.plist */ = {isa = PBXFileReference; lastKnownFileType = text.plist.xml; path = Info.plist; sourceTree = "<group>"; };
		EE996DF32795E6E5003DBA03 /* LoginTableViewTests.xctest */ = {isa = PBXFileReference; explicitFileType = wrapper.cfbundle; includeInIndex = 0; path = LoginTableViewTests.xctest; sourceTree = BUILT_PRODUCTS_DIR; };
		EE996DF72795E6E5003DBA03 /* LoginTableViewTests.swift */ = {isa = PBXFileReference; lastKnownFileType = sourcecode.swift; path = LoginTableViewTests.swift; sourceTree = "<group>"; };
		EE996DF92795E6E5003DBA03 /* Info.plist */ = {isa = PBXFileReference; lastKnownFileType = text.plist.xml; path = Info.plist; sourceTree = "<group>"; };
		EE996DFE2795E6E5003DBA03 /* LoginTableViewUITests.xctest */ = {isa = PBXFileReference; explicitFileType = wrapper.cfbundle; includeInIndex = 0; path = LoginTableViewUITests.xctest; sourceTree = BUILT_PRODUCTS_DIR; };
		EE996E022795E6E5003DBA03 /* LoginTableViewUITests.swift */ = {isa = PBXFileReference; lastKnownFileType = sourcecode.swift; path = LoginTableViewUITests.swift; sourceTree = "<group>"; };
		EE996E042795E6E5003DBA03 /* Info.plist */ = {isa = PBXFileReference; lastKnownFileType = text.plist.xml; path = Info.plist; sourceTree = "<group>"; };
		EE996E102795E7AC003DBA03 /* LoginTableViewCell.swift */ = {isa = PBXFileReference; lastKnownFileType = sourcecode.swift; path = LoginTableViewCell.swift; sourceTree = "<group>"; };
/* End PBXFileReference section */

/* Begin PBXFrameworksBuildPhase section */
		EE996DD72795E6E4003DBA03 /* Frameworks */ = {
			isa = PBXFrameworksBuildPhase;
			buildActionMask = 2147483647;
			files = (
			);
			runOnlyForDeploymentPostprocessing = 0;
		};
		EE996DF02795E6E5003DBA03 /* Frameworks */ = {
			isa = PBXFrameworksBuildPhase;
			buildActionMask = 2147483647;
			files = (
			);
			runOnlyForDeploymentPostprocessing = 0;
		};
		EE996DFB2795E6E5003DBA03 /* Frameworks */ = {
			isa = PBXFrameworksBuildPhase;
			buildActionMask = 2147483647;
			files = (
			);
			runOnlyForDeploymentPostprocessing = 0;
		};
/* End PBXFrameworksBuildPhase section */

/* Begin PBXGroup section */
		EE996DD12795E6E3003DBA03 = {
			isa = PBXGroup;
			children = (
				EE996DDC2795E6E4003DBA03 /* LoginTableView */,
				EE996DF62795E6E5003DBA03 /* LoginTableViewTests */,
				EE996E012795E6E5003DBA03 /* LoginTableViewUITests */,
				EE996DDB2795E6E4003DBA03 /* Products */,
			);
			sourceTree = "<group>";
		};
		EE996DDB2795E6E4003DBA03 /* Products */ = {
			isa = PBXGroup;
			children = (
				EE996DDA2795E6E4003DBA03 /* LoginTableView.app */,
				EE996DF32795E6E5003DBA03 /* LoginTableViewTests.xctest */,
				EE996DFE2795E6E5003DBA03 /* LoginTableViewUITests.xctest */,
			);
			name = Products;
			sourceTree = "<group>";
		};
		EE996DDC2795E6E4003DBA03 /* LoginTableView */ = {
			isa = PBXGroup;
			children = (
				EE996DDD2795E6E4003DBA03 /* AppDelegate.swift */,
				EE996DDF2795E6E4003DBA03 /* SceneDelegate.swift */,
				EE996DE12795E6E4003DBA03 /* ViewController.swift */,
				EE996E102795E7AC003DBA03 /* LoginTableViewCell.swift */,
				EE996DE32795E6E4003DBA03 /* Main.storyboard */,
				EE996DE92795E6E5003DBA03 /* Assets.xcassets */,
				EE996DEB2795E6E5003DBA03 /* LaunchScreen.storyboard */,
				EE996DEE2795E6E5003DBA03 /* Info.plist */,
				EE996DE62795E6E4003DBA03 /* LoginTableView.xcdatamodeld */,
			);
			path = LoginTableView;
			sourceTree = "<group>";
		};
		EE996DF62795E6E5003DBA03 /* LoginTableViewTests */ = {
			isa = PBXGroup;
			children = (
				EE996DF72795E6E5003DBA03 /* LoginTableViewTests.swift */,
				EE996DF92795E6E5003DBA03 /* Info.plist */,
			);
			path = LoginTableViewTests;
			sourceTree = "<group>";
		};
		EE996E012795E6E5003DBA03 /* LoginTableViewUITests */ = {
			isa = PBXGroup;
			children = (
				EE996E022795E6E5003DBA03 /* LoginTableViewUITests.swift */,
				EE996E042795E6E5003DBA03 /* Info.plist */,
			);
			path = LoginTableViewUITests;
			sourceTree = "<group>";
		};
/* End PBXGroup section */

/* Begin PBXNativeTarget section */
		EE996DD92795E6E4003DBA03 /* LoginTableView */ = {
			isa = PBXNativeTarget;
			buildConfigurationList = EE996E072795E6E5003DBA03 /* Build configuration list for PBXNativeTarget "LoginTableView" */;
			buildPhases = (
				EE996DD62795E6E4003DBA03 /* Sources */,
				EE996DD72795E6E4003DBA03 /* Frameworks */,
				EE996DD82795E6E4003DBA03 /* Resources */,
			);
			buildRules = (
			);
			dependencies = (
			);
			name = LoginTableView;
			productName = LoginTableView;
			productReference = EE996DDA2795E6E4003DBA03 /* LoginTableView.app */;
			productType = "com.apple.product-type.application";
		};
		EE996DF22795E6E5003DBA03 /* LoginTableViewTests */ = {
			isa = PBXNativeTarget;
			buildConfigurationList = EE996E0A2795E6E5003DBA03 /* Build configuration list for PBXNativeTarget "LoginTableViewTests" */;
			buildPhases = (
				EE996DEF2795E6E5003DBA03 /* Sources */,
				EE996DF02795E6E5003DBA03 /* Frameworks */,
				EE996DF12795E6E5003DBA03 /* Resources */,
			);
			buildRules = (
			);
			dependencies = (
				EE996DF52795E6E5003DBA03 /* PBXTargetDependency */,
			);
			name = LoginTableViewTests;
			productName = LoginTableViewTests;
			productReference = EE996DF32795E6E5003DBA03 /* LoginTableViewTests.xctest */;
			productType = "com.apple.product-type.bundle.unit-test";
		};
		EE996DFD2795E6E5003DBA03 /* LoginTableViewUITests */ = {
			isa = PBXNativeTarget;
			buildConfigurationList = EE996E0D2795E6E5003DBA03 /* Build configuration list for PBXNativeTarget "LoginTableViewUITests" */;
			buildPhases = (
				EE996DFA2795E6E5003DBA03 /* Sources */,
				EE996DFB2795E6E5003DBA03 /* Frameworks */,
				EE996DFC2795E6E5003DBA03 /* Resources */,
			);
			buildRules = (
			);
			dependencies = (
				EE996E002795E6E5003DBA03 /* PBXTargetDependency */,
			);
			name = LoginTableViewUITests;
			productName = LoginTableViewUITests;
			productReference = EE996DFE2795E6E5003DBA03 /* LoginTableViewUITests.xctest */;
			productType = "com.apple.product-type.bundle.ui-testing";
		};
/* End PBXNativeTarget section */

/* Begin PBXProject section */
		EE996DD22795E6E3003DBA03 /* Project object */ = {
			isa = PBXProject;
			attributes = {
				LastSwiftUpdateCheck = 1250;
				LastUpgradeCheck = 1250;
				TargetAttributes = {
					EE996DD92795E6E4003DBA03 = {
						CreatedOnToolsVersion = 12.5;
					};
					EE996DF22795E6E5003DBA03 = {
						CreatedOnToolsVersion = 12.5;
						TestTargetID = EE996DD92795E6E4003DBA03;
					};
					EE996DFD2795E6E5003DBA03 = {
						CreatedOnToolsVersion = 12.5;
						TestTargetID = EE996DD92795E6E4003DBA03;
					};
				};
			};
			buildConfigurationList = EE996DD52795E6E3003DBA03 /* Build configuration list for PBXProject "LoginTableView" */;
			compatibilityVersion = "Xcode 9.3";
			developmentRegion = en;
			hasScannedForEncodings = 0;
			knownRegions = (
				en,
				Base,
			);
			mainGroup = EE996DD12795E6E3003DBA03;
			productRefGroup = EE996DDB2795E6E4003DBA03 /* Products */;
			projectDirPath = "";
			projectRoot = "";
			targets = (
				EE996DD92795E6E4003DBA03 /* LoginTableView */,
				EE996DF22795E6E5003DBA03 /* LoginTableViewTests */,
				EE996DFD2795E6E5003DBA03 /* LoginTableViewUITests */,
			);
		};
/* End PBXProject section */

/* Begin PBXResourcesBuildPhase section */
		EE996DD82795E6E4003DBA03 /* Resources */ = {
			isa = PBXResourcesBuildPhase;
			buildActionMask = 2147483647;
			files = (
				EE996DED2795E6E5003DBA03 /* LaunchScreen.storyboard in Resources */,
				EE996DEA2795E6E5003DBA03 /* Assets.xcassets in Resources */,
				EE996DE52795E6E4003DBA03 /* Main.storyboard in Resources */,
			);
			runOnlyForDeploymentPostprocessing = 0;
		};
		EE996DF12795E6E5003DBA03 /* Resources */ = {
			isa = PBXResourcesBuildPhase;
			buildActionMask = 2147483647;
			files = (
			);
			runOnlyForDeploymentPostprocessing = 0;
		};
		EE996DFC2795E6E5003DBA03 /* Resources */ = {
			isa = PBXResourcesBuildPhase;
			buildActionMask = 2147483647;
			files = (
			);
			runOnlyForDeploymentPostprocessing = 0;
		};
/* End PBXResourcesBuildPhase section */

/* Begin PBXSourcesBuildPhase section */
		EE996DD62795E6E4003DBA03 /* Sources */ = {
			isa = PBXSourcesBuildPhase;
			buildActionMask = 2147483647;
			files = (
				EE996DE22795E6E4003DBA03 /* ViewController.swift in Sources */,
				EE996DDE2795E6E4003DBA03 /* AppDelegate.swift in Sources */,
				EE996DE02795E6E4003DBA03 /* SceneDelegate.swift in Sources */,
				EE996DE82795E6E4003DBA03 /* LoginTableView.xcdatamodeld in Sources */,
				EE996E112795E7AC003DBA03 /* LoginTableViewCell.swift in Sources */,
			);
			runOnlyForDeploymentPostprocessing = 0;
		};
		EE996DEF2795E6E5003DBA03 /* Sources */ = {
			isa = PBXSourcesBuildPhase;
			buildActionMask = 2147483647;
			files = (
				EE996DF82795E6E5003DBA03 /* LoginTableViewTests.swift in Sources */,
			);
			runOnlyForDeploymentPostprocessing = 0;
		};
		EE996DFA2795E6E5003DBA03 /* Sources */ = {
			isa = PBXSourcesBuildPhase;
			buildActionMask = 2147483647;
			files = (
				EE996E032795E6E5003DBA03 /* LoginTableViewUITests.swift in Sources */,
			);
			runOnlyForDeploymentPostprocessing = 0;
		};
/* End PBXSourcesBuildPhase section */

/* Begin PBXTargetDependency section */
		EE996DF52795E6E5003DBA03 /* PBXTargetDependency */ = {
			isa = PBXTargetDependency;
			target = EE996DD92795E6E4003DBA03 /* LoginTableView */;
			targetProxy = EE996DF42795E6E5003DBA03 /* PBXContainerItemProxy */;
		};
		EE996E002795E6E5003DBA03 /* PBXTargetDependency */ = {
			isa = PBXTargetDependency;
			target = EE996DD92795E6E4003DBA03 /* LoginTableView */;
			targetProxy = EE996DFF2795E6E5003DBA03 /* PBXContainerItemProxy */;
		};
/* End PBXTargetDependency section */

/* Begin PBXVariantGroup section */
		EE996DE32795E6E4003DBA03 /* Main.storyboard */ = {
			isa = PBXVariantGroup;
			children = (
				EE996DE42795E6E4003DBA03 /* Base */,
			);
			name = Main.storyboard;
			sourceTree = "<group>";
		};
		EE996DEB2795E6E5003DBA03 /* LaunchScreen.storyboard */ = {
			isa = PBXVariantGroup;
			children = (
				EE996DEC2795E6E5003DBA03 /* Base */,
			);
			name = LaunchScreen.storyboard;
			sourceTree = "<group>";
		};
/* End PBXVariantGroup section */

/* Begin XCBuildConfiguration section */
		EE996E052795E6E5003DBA03 /* Debug */ = {
			isa = XCBuildConfiguration;
			buildSettings = {
				ALWAYS_SEARCH_USER_PATHS = NO;
				CLANG_ANALYZER_NONNULL = YES;
				CLANG_ANALYZER_NUMBER_OBJECT_CONVERSION = YES_AGGRESSIVE;
				CLANG_CXX_LANGUAGE_STANDARD = "gnu++14";
				CLANG_CXX_LIBRARY = "libc++";
				CLANG_ENABLE_MODULES = YES;
				CLANG_ENABLE_OBJC_ARC = YES;
				CLANG_ENABLE_OBJC_WEAK = YES;
				CLANG_WARN_BLOCK_CAPTURE_AUTORELEASING = YES;
				CLANG_WARN_BOOL_CONVERSION = YES;
				CLANG_WARN_COMMA = YES;
				CLANG_WARN_CONSTANT_CONVERSION = YES;
				CLANG_WARN_DEPRECATED_OBJC_IMPLEMENTATIONS = YES;
				CLANG_WARN_DIRECT_OBJC_ISA_USAGE = YES_ERROR;
				CLANG_WARN_DOCUMENTATION_COMMENTS = YES;
				CLANG_WARN_EMPTY_BODY = YES;
				CLANG_WARN_ENUM_CONVERSION = YES;
				CLANG_WARN_INFINITE_RECURSION = YES;
				CLANG_WARN_INT_CONVERSION = YES;
				CLANG_WARN_NON_LITERAL_NULL_CONVERSION = YES;
				CLANG_WARN_OBJC_IMPLICIT_RETAIN_SELF = YES;
				CLANG_WARN_OBJC_LITERAL_CONVERSION = YES;
				CLANG_WARN_OBJC_ROOT_CLASS = YES_ERROR;
				CLANG_WARN_QUOTED_INCLUDE_IN_FRAMEWORK_HEADER = YES;
				CLANG_WARN_RANGE_LOOP_ANALYSIS = YES;
				CLANG_WARN_STRICT_PROTOTYPES = YES;
				CLANG_WARN_SUSPICIOUS_MOVE = YES;
				CLANG_WARN_UNGUARDED_AVAILABILITY = YES_AGGRESSIVE;
				CLANG_WARN_UNREACHABLE_CODE = YES;
				CLANG_WARN__DUPLICATE_METHOD_MATCH = YES;
				COPY_PHASE_STRIP = NO;
				DEBUG_INFORMATION_FORMAT = dwarf;
				ENABLE_STRICT_OBJC_MSGSEND = YES;
				ENABLE_TESTABILITY = YES;
				GCC_C_LANGUAGE_STANDARD = gnu11;
				GCC_DYNAMIC_NO_PIC = NO;
				GCC_NO_COMMON_BLOCKS = YES;
				GCC_OPTIMIZATION_LEVEL = 0;
				GCC_PREPROCESSOR_DEFINITIONS = (
					"DEBUG=1",
					"$(inherited)",
				);
				GCC_WARN_64_TO_32_BIT_CONVERSION = YES;
				GCC_WARN_ABOUT_RETURN_TYPE = YES_ERROR;
				GCC_WARN_UNDECLARED_SELECTOR = YES;
				GCC_WARN_UNINITIALIZED_AUTOS = YES_AGGRESSIVE;
				GCC_WARN_UNUSED_FUNCTION = YES;
				GCC_WARN_UNUSED_VARIABLE = YES;
				IPHONEOS_DEPLOYMENT_TARGET = 14.5;
				MTL_ENABLE_DEBUG_INFO = INCLUDE_SOURCE;
				MTL_FAST_MATH = YES;
				ONLY_ACTIVE_ARCH = YES;
				SDKROOT = iphoneos;
				SWIFT_ACTIVE_COMPILATION_CONDITIONS = DEBUG;
				SWIFT_OPTIMIZATION_LEVEL = "-Onone";
			};
			name = Debug;
		};
		EE996E062795E6E5003DBA03 /* Release */ = {
			isa = XCBuildConfiguration;
			buildSettings = {
				ALWAYS_SEARCH_USER_PATHS = NO;
				CLANG_ANALYZER_NONNULL = YES;
				CLANG_ANALYZER_NUMBER_OBJECT_CONVERSION = YES_AGGRESSIVE;
				CLANG_CXX_LANGUAGE_STANDARD = "gnu++14";
				CLANG_CXX_LIBRARY = "libc++";
				CLANG_ENABLE_MODULES = YES;
				CLANG_ENABLE_OBJC_ARC = YES;
				CLANG_ENABLE_OBJC_WEAK = YES;
				CLANG_WARN_BLOCK_CAPTURE_AUTORELEASING = YES;
				CLANG_WARN_BOOL_CONVERSION = YES;
				CLANG_WARN_COMMA = YES;
				CLANG_WARN_CONSTANT_CONVERSION = YES;
				CLANG_WARN_DEPRECATED_OBJC_IMPLEMENTATIONS = YES;
				CLANG_WARN_DIRECT_OBJC_ISA_USAGE = YES_ERROR;
				CLANG_WARN_DOCUMENTATION_COMMENTS = YES;
				CLANG_WARN_EMPTY_BODY = YES;
				CLANG_WARN_ENUM_CONVERSION = YES;
				CLANG_WARN_INFINITE_RECURSION = YES;
				CLANG_WARN_INT_CONVERSION = YES;
				CLANG_WARN_NON_LITERAL_NULL_CONVERSION = YES;
				CLANG_WARN_OBJC_IMPLICIT_RETAIN_SELF = YES;
				CLANG_WARN_OBJC_LITERAL_CONVERSION = YES;
				CLANG_WARN_OBJC_ROOT_CLASS = YES_ERROR;
				CLANG_WARN_QUOTED_INCLUDE_IN_FRAMEWORK_HEADER = YES;
				CLANG_WARN_RANGE_LOOP_ANALYSIS = YES;
				CLANG_WARN_STRICT_PROTOTYPES = YES;
				CLANG_WARN_SUSPICIOUS_MOVE = YES;
				CLANG_WARN_UNGUARDED_AVAILABILITY = YES_AGGRESSIVE;
				CLANG_WARN_UNREACHABLE_CODE = YES;
				CLANG_WARN__DUPLICATE_METHOD_MATCH = YES;
				COPY_PHASE_STRIP = NO;
				DEBUG_INFORMATION_FORMAT = "dwarf-with-dsym";
				ENABLE_NS_ASSERTIONS = NO;
				ENABLE_STRICT_OBJC_MSGSEND = YES;
				GCC_C_LANGUAGE_STANDARD = gnu11;
				GCC_NO_COMMON_BLOCKS = YES;
				GCC_WARN_64_TO_32_BIT_CONVERSION = YES;
				GCC_WARN_ABOUT_RETURN_TYPE = YES_ERROR;
				GCC_WARN_UNDECLARED_SELECTOR = YES;
				GCC_WARN_UNINITIALIZED_AUTOS = YES_AGGRESSIVE;
				GCC_WARN_UNUSED_FUNCTION = YES;
				GCC_WARN_UNUSED_VARIABLE = YES;
				IPHONEOS_DEPLOYMENT_TARGET = 14.5;
				MTL_ENABLE_DEBUG_INFO = NO;
				MTL_FAST_MATH = YES;
				SDKROOT = iphoneos;
				SWIFT_COMPILATION_MODE = wholemodule;
				SWIFT_OPTIMIZATION_LEVEL = "-O";
				VALIDATE_PRODUCT = YES;
			};
			name = Release;
		};
		EE996E082795E6E5003DBA03 /* Debug */ = {
			isa = XCBuildConfiguration;
			buildSettings = {
				ASSETCATALOG_COMPILER_APPICON_NAME = AppIcon;
				ASSETCATALOG_COMPILER_GLOBAL_ACCENT_COLOR_NAME = AccentColor;
				CODE_SIGN_STYLE = Automatic;
				INFOPLIST_FILE = LoginTableView/Info.plist;
				LD_RUNPATH_SEARCH_PATHS = (
					"$(inherited)",
					"@executable_path/Frameworks",
				);
				PRODUCT_BUNDLE_IDENTIFIER = com.prakash.LoginTableView;
				PRODUCT_NAME = "$(TARGET_NAME)";
				SWIFT_VERSION = 5.0;
				TARGETED_DEVICE_FAMILY = "1,2";
			};
			name = Debug;
		};
		EE996E092795E6E5003DBA03 /* Release */ = {
			isa = XCBuildConfiguration;
			buildSettings = {
				ASSETCATALOG_COMPILER_APPICON_NAME = AppIcon;
				ASSETCATALOG_COMPILER_GLOBAL_ACCENT_COLOR_NAME = AccentColor;
				CODE_SIGN_STYLE = Automatic;
				INFOPLIST_FILE = LoginTableView/Info.plist;
				LD_RUNPATH_SEARCH_PATHS = (
					"$(inherited)",
					"@executable_path/Frameworks",
				);
				PRODUCT_BUNDLE_IDENTIFIER = com.prakash.LoginTableView;
				PRODUCT_NAME = "$(TARGET_NAME)";
				SWIFT_VERSION = 5.0;
				TARGETED_DEVICE_FAMILY = "1,2";
			};
			name = Release;
		};
		EE996E0B2795E6E5003DBA03 /* Debug */ = {
			isa = XCBuildConfiguration;
			buildSettings = {
				ALWAYS_EMBED_SWIFT_STANDARD_LIBRARIES = YES;
				BUNDLE_LOADER = "$(TEST_HOST)";
				CODE_SIGN_STYLE = Automatic;
				INFOPLIST_FILE = LoginTableViewTests/Info.plist;
				IPHONEOS_DEPLOYMENT_TARGET = 14.5;
				LD_RUNPATH_SEARCH_PATHS = (
					"$(inherited)",
					"@executable_path/Frameworks",
					"@loader_path/Frameworks",
				);
				PRODUCT_BUNDLE_IDENTIFIER = com.prakash.LoginTableViewTests;
				PRODUCT_NAME = "$(TARGET_NAME)";
				SWIFT_VERSION = 5.0;
				TARGETED_DEVICE_FAMILY = "1,2";
				TEST_HOST = "$(BUILT_PRODUCTS_DIR)/LoginTableView.app/LoginTableView";
			};
			name = Debug;
		};
		EE996E0C2795E6E5003DBA03 /* Release */ = {
			isa = XCBuildConfiguration;
			buildSettings = {
				ALWAYS_EMBED_SWIFT_STANDARD_LIBRARIES = YES;
				BUNDLE_LOADER = "$(TEST_HOST)";
				CODE_SIGN_STYLE = Automatic;
				INFOPLIST_FILE = LoginTableViewTests/Info.plist;
				IPHONEOS_DEPLOYMENT_TARGET = 14.5;
				LD_RUNPATH_SEARCH_PATHS = (
					"$(inherited)",
					"@executable_path/Frameworks",
					"@loader_path/Frameworks",
				);
				PRODUCT_BUNDLE_IDENTIFIER = com.prakash.LoginTableViewTests;
				PRODUCT_NAME = "$(TARGET_NAME)";
				SWIFT_VERSION = 5.0;
				TARGETED_DEVICE_FAMILY = "1,2";
				TEST_HOST = "$(BUILT_PRODUCTS_DIR)/LoginTableView.app/LoginTableView";
			};
			name = Release;
		};
		EE996E0E2795E6E5003DBA03 /* Debug */ = {
			isa = XCBuildConfiguration;
			buildSettings = {
				ALWAYS_EMBED_SWIFT_STANDARD_LIBRARIES = YES;
				CODE_SIGN_STYLE = Automatic;
				INFOPLIST_FILE = LoginTableViewUITests/Info.plist;
				LD_RUNPATH_SEARCH_PATHS = (
					"$(inherited)",
					"@executable_path/Frameworks",
					"@loader_path/Frameworks",
				);
				PRODUCT_BUNDLE_IDENTIFIER = com.prakash.LoginTableViewUITests;
				PRODUCT_NAME = "$(TARGET_NAME)";
				SWIFT_VERSION = 5.0;
				TARGETED_DEVICE_FAMILY = "1,2";
				TEST_TARGET_NAME = LoginTableView;
			};
			name = Debug;
		};
		EE996E0F2795E6E5003DBA03 /* Release */ = {
			isa = XCBuildConfiguration;
			buildSettings = {
				ALWAYS_EMBED_SWIFT_STANDARD_LIBRARIES = YES;
				CODE_SIGN_STYLE = Automatic;
				INFOPLIST_FILE = LoginTableViewUITests/Info.plist;
				LD_RUNPATH_SEARCH_PATHS = (
					"$(inherited)",
					"@executable_path/Frameworks",
					"@loader_path/Frameworks",
				);
				PRODUCT_BUNDLE_IDENTIFIER = com.prakash.LoginTableViewUITests;
				PRODUCT_NAME = "$(TARGET_NAME)";
				SWIFT_VERSION = 5.0;
				TARGETED_DEVICE_FAMILY = "1,2";
				TEST_TARGET_NAME = LoginTableView;
			};
			name = Release;
		};
/* End XCBuildConfiguration section */

/* Begin XCConfigurationList section */
		EE996DD52795E6E3003DBA03 /* Build configuration list for PBXProject "LoginTableView" */ = {
			isa = XCConfigurationList;
			buildConfigurations = (
				EE996E052795E6E5003DBA03 /* Debug */,
				EE996E062795E6E5003DBA03 /* Release */,
			);
			defaultConfigurationIsVisible = 0;
			defaultConfigurationName = Release;
		};
		EE996E072795E6E5003DBA03 /* Build configuration list for PBXNativeTarget "LoginTableView" */ = {
			isa = XCConfigurationList;
			buildConfigurations = (
				EE996E082795E6E5003DBA03 /* Debug */,
				EE996E092795E6E5003DBA03 /* Release */,
			);
			defaultConfigurationIsVisible = 0;
			defaultConfigurationName = Release;
		};
		EE996E0A2795E6E5003DBA03 /* Build configuration list for PBXNativeTarget "LoginTableViewTests" */ = {
			isa = XCConfigurationList;
			buildConfigurations = (
				EE996E0B2795E6E5003DBA03 /* Debug */,
				EE996E0C2795E6E5003DBA03 /* Release */,
			);
			defaultConfigurationIsVisible = 0;
			defaultConfigurationName = Release;
		};
		EE996E0D2795E6E5003DBA03 /* Build configuration list for PBXNativeTarget "LoginTableViewUITests" */ = {
			isa = XCConfigurationList;
			buildConfigurations = (
				EE996E0E2795E6E5003DBA03 /* Debug */,
				EE996E0F2795E6E5003DBA03 /* Release */,
			);
			defaultConfigurationIsVisible = 0;
			defaultConfigurationName = Release;
		};
/* End XCConfigurationList section */

/* Begin XCVersionGroup section */
		EE996DE62795E6E4003DBA03 /* LoginTableView.xcdatamodeld */ = {
			isa = XCVersionGroup;
			children = (
				EE996DE72795E6E4003DBA03 /* LoginTableView.xcdatamodel */,
			);
			currentVersion = EE996DE72795E6E4003DBA03 /* LoginTableView.xcdatamodel */;
			path = LoginTableView.xcdatamodeld;
			sourceTree = "<group>";
			versionGroupType = wrapper.xcdatamodel;
		};
/* End XCVersionGroup section */
	};
	rootObject = EE996DD22795E6E3003DBA03 /* Project object */;
}
